// !$*UTF8*$!
{
	archiveVersion = 1;
	classes = {
	};
	objectVersion = 46;
	objects = {

/* Begin PBXBuildFile section */
		03E800071CE9E33200B0574F /* AppDelegate.swift in Sources */ = {isa = PBXBuildFile; fileRef = 03E800061CE9E33200B0574F /* AppDelegate.swift */; };
		03E800091CE9E33200B0574F /* ViewController.swift in Sources */ = {isa = PBXBuildFile; fileRef = 03E800081CE9E33200B0574F /* ViewController.swift */; };
		03E8000C1CE9E33200B0574F /* Main.storyboard in Resources */ = {isa = PBXBuildFile; fileRef = 03E8000A1CE9E33200B0574F /* Main.storyboard */; };
		03E8000E1CE9E33200B0574F /* Assets.xcassets in Resources */ = {isa = PBXBuildFile; fileRef = 03E8000D1CE9E33200B0574F /* Assets.xcassets */; };
		03E800111CE9E33200B0574F /* LaunchScreen.storyboard in Resources */ = {isa = PBXBuildFile; fileRef = 03E8000F1CE9E33200B0574F /* LaunchScreen.storyboard */; };
		03E8001B1CE9F1B300B0574F /* 1.jpg in Resources */ = {isa = PBXBuildFile; fileRef = 03E8001A1CE9F1B300B0574F /* 1.jpg */; };
/* End PBXBuildFile section */

/* Begin PBXFileReference section */
		03E800031CE9E33100B0574F /* PushNotification.app */ = {isa = PBXFileReference; explicitFileType = wrapper.application; includeInIndex = 0; path = PushNotification.app; sourceTree = BUILT_PRODUCTS_DIR; };
		03E800061CE9E33200B0574F /* AppDelegate.swift */ = {isa = PBXFileReference; lastKnownFileType = sourcecode.swift; path = AppDelegate.swift; sourceTree = "<group>"; };
		03E800081CE9E33200B0574F /* ViewController.swift */ = {isa = PBXFileReference; lastKnownFileType = sourcecode.swift; path = ViewController.swift; sourceTree = "<group>"; };
		03E8000B1CE9E33200B0574F /* Base */ = {isa = PBXFileReference; lastKnownFileType = file.storyboard; name = Base; path = Base.lproj/Main.storyboard; sourceTree = "<group>"; };
		03E8000D1CE9E33200B0574F /* Assets.xcassets */ = {isa = PBXFileReference; lastKnownFileType = folder.assetcatalog; path = Assets.xcassets; sourceTree = "<group>"; };
		03E800101CE9E33200B0574F /* Base */ = {isa = PBXFileReference; lastKnownFileType = file.storyboard; name = Base; path = Base.lproj/LaunchScreen.storyboard; sourceTree = "<group>"; };
		03E800121CE9E33200B0574F /* Info.plist */ = {isa = PBXFileReference; lastKnownFileType = text.plist.xml; path = Info.plist; sourceTree = "<group>"; };
		03E8001A1CE9F1B300B0574F /* 1.jpg */ = {isa = PBXFileReference; lastKnownFileType = image.jpeg; path = 1.jpg; sourceTree = "<group>"; };
/* End PBXFileReference section */

/* Begin PBXFrameworksBuildPhase section */
		03E800001CE9E33100B0574F /* Frameworks */ = {
			isa = PBXFrameworksBuildPhase;
			buildActionMask = 2147483647;
			files = (
			);
			runOnlyForDeploymentPostprocessing = 0;
		};
/* End PBXFrameworksBuildPhase section */

/* Begin PBXGroup section */
		03E800041CE9E33100B0574F /* Products */ = {
			isa = PBXGroup;
			children = (
				03E800031CE9E33100B0574F /* PushNotification.app */,
			);
			name = Products;
			sourceTree = "<group>";
		};
		03E800051CE9E33200B0574F /* PushNotification */ = {
			isa = PBXGroup;
			children = (
				03E8001A1CE9F1B300B0574F /* 1.jpg */,
				03E800061CE9E33200B0574F /* AppDelegate.swift */,
				03E800081CE9E33200B0574F /* ViewController.swift */,
				03E8000A1CE9E33200B0574F /* Main.storyboard */,
				03E8000D1CE9E33200B0574F /* Assets.xcassets */,
				03E8000F1CE9E33200B0574F /* LaunchScreen.storyboard */,
				03E800121CE9E33200B0574F /* Info.plist */,
			);
			path = PushNotification;
			sourceTree = "<group>";
		};
		03E8FFFA1CE9E33000B0574F = {
			isa = PBXGroup;
			children = (
				03E800051CE9E33200B0574F /* PushNotification */,
				03E800041CE9E33100B0574F /* Products */,
			);
			sourceTree = "<group>";
		};
/* End PBXGroup section */

/* Begin PBXNativeTarget section */
		03E800021CE9E33100B0574F /* PushNotification */ = {
			isa = PBXNativeTarget;
			buildConfigurationList = 03E800151CE9E33200B0574F /* Build configuration list for PBXNativeTarget "PushNotification" */;
			buildPhases = (
				03E8FFFF1CE9E33100B0574F /* Sources */,
				03E800001CE9E33100B0574F /* Frameworks */,
				03E800011CE9E33100B0574F /* Resources */,
			);
			buildRules = (
			);
			dependencies = (
			);
			name = PushNotification;
			productName = PushNotification;
			productReference = 03E800031CE9E33100B0574F /* PushNotification.app */;
			productType = "com.apple.product-type.application";
		};
/* End PBXNativeTarget section */

/* Begin PBXProject section */
		03E8FFFB1CE9E33000B0574F /* Project object */ = {
			isa = PBXProject;
			attributes = {
				LastSwiftUpdateCheck = 0730;
				LastUpgradeCheck = 0730;
				ORGANIZATIONNAME = nvovap;
				TargetAttributes = {
					03E800021CE9E33100B0574F = {
						CreatedOnToolsVersion = 7.3;
					};
				};
			};
			buildConfigurationList = 03E8FFFE1CE9E33100B0574F /* Build configuration list for PBXProject "PushNotification" */;
			compatibilityVersion = "Xcode 3.2";
			developmentRegion = English;
			hasScannedForEncodings = 0;
			knownRegions = (
				en,
				Base,
			);
			mainGroup = 03E8FFFA1CE9E33000B0574F;
			productRefGroup = 03E800041CE9E33100B0574F /* Products */;
			projectDirPath = "";
			projectRoot = "";
			targets = (
				03E800021CE9E33100B0574F /* PushNotification */,
			);
		};
/* End PBXProject section */

/* Begin PBXResourcesBuildPhase section */
		03E800011CE9E33100B0574F /* Resources */ = {
			isa = PBXResourcesBuildPhase;
			buildActionMask = 2147483647;
			files = (
				03E8001B1CE9F1B300B0574F /* 1.jpg in Resources */,
				03E800111CE9E33200B0574F /* LaunchScreen.storyboard in Resources */,
				03E8000E1CE9E33200B0574F /* Assets.xcassets in Resources */,
				03E8000C1CE9E33200B0574F /* Main.storyboard in Resources */,
			);
			runOnlyForDeploymentPostprocessing = 0;
		};
/* End PBXResourcesBuildPhase section */

/* Begin PBXSourcesBuildPhase section */
		03E8FFFF1CE9E33100B0574F /* Sources */ = {
			isa = PBXSourcesBuildPhase;
			buildActionMask = 2147483647;
			files = (
				03E800091CE9E33200B0574F /* ViewController.swift in Sources */,
				03E800071CE9E33200B0574F /* AppDelegate.swift in Sources */,
			);
			runOnlyForDeploymentPostprocessing = 0;
		};
/* End PBXSourcesBuildPhase section */

/* Begin PBXVariantGroup section */
		03E8000A1CE9E33200B0574F /* Main.storyboard */ = {
			isa = PBXVariantGroup;
			children = (
				03E8000B1CE9E33200B0574F /* Base */,
			);
			name = Main.storyboard;
			sourceTree = "<group>";
		};
		03E8000F1CE9E33200B0574F /* LaunchScreen.storyboard */ = {
			isa = PBXVariantGroup;
			children = (
				03E800101CE9E33200B0574F /* Base */,
			);
			name = LaunchScreen.storyboard;
			sourceTree = "<group>";
		};
/* End PBXVariantGroup section */

/* Begin XCBuildConfiguration section */
		03E800131CE9E33200B0574F /* Debug */ = {
			isa = XCBuildConfiguration;
			buildSettings = {
				ALWAYS_SEARCH_USER_PATHS = NO;
				CLANG_ANALYZER_NONNULL = YES;
				CLANG_CXX_LANGUAGE_STANDARD = "gnu++0x";
				CLANG_CXX_LIBRARY = "libc++";
				CLANG_ENABLE_MODULES = YES;
				CLANG_ENABLE_OBJC_ARC = YES;
				CLANG_WARN_BOOL_CONVERSION = YES;
				CLANG_WARN_CONSTANT_CONVERSION = YES;
				CLANG_WARN_DIRECT_OBJC_ISA_USAGE = YES_ERROR;
				CLANG_WARN_EMPTY_BODY = YES;
				CLANG_WARN_ENUM_CONVERSION = YES;
				CLANG_WARN_INT_CONVERSION = YES;
				CLANG_WARN_OBJC_ROOT_CLASS = YES_ERROR;
				CLANG_WARN_UNREACHABLE_CODE = YES;
				CLANG_WARN__DUPLICATE_METHOD_MATCH = YES;
				"CODE_SIGN_IDENTITY[sdk=iphoneos*]" = "iPhone Developer";
				COPY_PHASE_STRIP = NO;
				DEBUG_INFORMATION_FORMAT = dwarf;
				ENABLE_STRICT_OBJC_MSGSEND = YES;
				ENABLE_TESTABILITY = YES;
				GCC_C_LANGUAGE_STANDARD = gnu99;
				GCC_DYNAMIC_NO_PIC = NO;
				GCC_NO_COMMON_BLOCKS = YES;
				GCC_OPTIMIZATION_LEVEL = 0;
				GCC_PREPROCESSOR_DEFINITIONS = (
					"DEBUG=1",
					"$(inherited)",
				);
				GCC_WARN_64_TO_32_BIT_CONVERSION = YES;
				GCC_WARN_ABOUT_RETURN_TYPE = YES_ERROR;
				GCC_WARN_UNDECLARED_SELECTOR = YES;
				GCC_WARN_UNINITIALIZED_AUTOS = YES_AGGRESSIVE;
				GCC_WARN_UNUSED_FUNCTION = YES;
				GCC_WARN_UNUSED_VARIABLE = YES;
				IPHONEOS_DEPLOYMENT_TARGET = 9.3;
				MTL_ENABLE_DEBUG_INFO = YES;
				ONLY_ACTIVE_ARCH = YES;
				SDKROOT = iphoneos;
				SWIFT_OPTIMIZATION_LEVEL = "-Onone";
				TARGETED_DEVICE_FAMILY = "1,2";
			};
			name = Debug;
		};
		03E800141CE9E33200B0574F /* Release */ = {
			isa = XCBuildConfiguration;
			buildSettings = {
				ALWAYS_SEARCH_USER_PATHS = NO;
				CLANG_ANALYZER_NONNULL = YES;
				CLANG_CXX_LANGUAGE_STANDARD = "gnu++0x";
				CLANG_CXX_LIBRARY = "libc++";
				CLANG_ENABLE_MODULES = YES;
				CLANG_ENABLE_OBJC_ARC = YES;
				CLANG_WARN_BOOL_CONVERSION = YES;
				CLANG_WARN_CONSTANT_CONVERSION = YES;
				CLANG_WARN_DIRECT_OBJC_ISA_USAGE = YES_ERROR;
				CLANG_WARN_EMPTY_BODY = YES;
				CLANG_WARN_ENUM_CONVERSION = YES;
				CLANG_WARN_INT_CONVERSION = YES;
				CLANG_WARN_OBJC_ROOT_CLASS = YES_ERROR;
				CLANG_WARN_UNREACHABLE_CODE = YES;
				CLANG_WARN__DUPLICATE_METHOD_MATCH = YES;
				"CODE_SIGN_IDENTITY[sdk=iphoneos*]" = "iPhone Developer";
				COPY_PHASE_STRIP = NO;
				DEBUG_INFORMATION_FORMAT = "dwarf-with-dsym";
				ENABLE_NS_ASSERTIONS = NO;
				ENABLE_STRICT_OBJC_MSGSEND = YES;
				GCC_C_LANGUAGE_STANDARD = gnu99;
				GCC_NO_COMMON_BLOCKS = YES;
				GCC_WARN_64_TO_32_BIT_CONVERSION = YES;
				GCC_WARN_ABOUT_RETURN_TYPE = YES_ERROR;
				GCC_WARN_UNDECLARED_SELECTOR = YES;
				GCC_WARN_UNINITIALIZED_AUTOS = YES_AGGRESSIVE;
				GCC_WARN_UNUSED_FUNCTION = YES;
				GCC_WARN_UNUSED_VARIABLE = YES;
				IPHONEOS_DEPLOYMENT_TARGET = 9.3;
				MTL_ENABLE_DEBUG_INFO = NO;
				SDKROOT = iphoneos;
				TARGETED_DEVICE_FAMILY = "1,2";
				VALIDATE_PRODUCT = YES;
			};
			name = Release;
		};
		03E800161CE9E33200B0574F /* Debug */ = {
			isa = XCBuildConfiguration;
			buildSettings = {
				ASSETCATALOG_COMPILER_APPICON_NAME = AppIcon;
				INFOPLIST_FILE = PushNotification/Info.plist;
				LD_RUNPATH_SEARCH_PATHS = "$(inherited) @executable_path/Frameworks";
				PRODUCT_BUNDLE_IDENTIFIER = nvovap.com.PushNotification;
				PRODUCT_NAME = "$(TARGET_NAME)";
			};
			name = Debug;
		};
		03E800171CE9E33200B0574F /* Release */ = {
			isa = XCBuildConfiguration;
			buildSettings = {
				ASSETCATALOG_COMPILER_APPICON_NAME = AppIcon;
				INFOPLIST_FILE = PushNotification/Info.plist;
				LD_RUNPATH_SEARCH_PATHS = "$(inherited) @executable_path/Frameworks";
				PRODUCT_BUNDLE_IDENTIFIER = nvovap.com.PushNotification;
				PRODUCT_NAME = "$(TARGET_NAME)";
			};
			name = Release;
		};
/* End XCBuildConfiguration section */

/* Begin XCConfigurationList section */
		03E800151CE9E33200B0574F /* Build configuration list for PBXNativeTarget "PushNotification" */ = {
			isa = XCConfigurationList;
			buildConfigurations = (
				03E800161CE9E33200B0574F /* Debug */,
				03E800171CE9E33200B0574F /* Release */,
			);
			defaultConfigurationIsVisible = 0;
		};
		03E8FFFE1CE9E33100B0574F /* Build configuration list for PBXProject "PushNotification" */ = {
			isa = XCConfigurationList;
			buildConfigurations = (
				03E800131CE9E33200B0574F /* Debug */,
				03E800141CE9E33200B0574F /* Release */,
			);
			defaultConfigurationIsVisible = 0;
			defaultConfigurationName = Release;
		};
/* End XCConfigurationList section */
	};
	rootObject = 03E8FFFB1CE9E33000B0574F /* Project object */;
}
